# This file is autogenerated, do not edit; changes may be undone by the next 'dep ensure'.


[[projects]]
  branch = "master"
  digest = "1:0a9d6f3af86116314d302fa16a7ad8f5dc3c4d9d9cab90ada211cfdb7ac07b3d"
  name = "github.com/danverbraganza/varcaser"
  packages = ["varcaser"]
  pruneopts = "UT"
  revision = "ce61ec497fbffd4887976757109cb585f6bb29e1"

[[projects]]
  digest = "1:a2c1d0e43bd3baaa071d1b9ed72c27d78169b2b269f71c105ac4ba34b1be4a39"
  name = "github.com/davecgh/go-spew"
  packages = ["spew"]
  pruneopts = "UT"
  revision = "346938d642f2ec3594ed81d874461961cd0faa76"
  version = "v1.1.0"

[[projects]]
  branch = "master"
  digest = "1:988cfde37f089c50ba1ac8a1032c3f81d2ac0359e1872093b946a30139665eb6"
  name = "github.com/dsnet/compress"
  packages = [
    ".",
    "bzip2",
    "bzip2/internal/sais",
    "internal",
    "internal/errors",
    "internal/prefix",
  ]
  pruneopts = "UT"
  revision = "cc9eb1d7ad760af14e8f918698f745e80377af4f"

[[projects]]
  digest = "1:dc46d1d0744513564a9519c95ac2772b4bdeee437a8f07b5cc24172f57e46688"
  name = "github.com/go-bindata/go-bindata"
  packages = ["."]
  pruneopts = "UT"
  revision = "5ebd2c033d84e12a7f4aae4483d98ec7dde53b66"
  version = "v1.0.0"

[[projects]]
  branch = "master"
  digest = "1:4a0c6bb4805508a6287675fac876be2ac1182539ca8a32468d8128882e9d5009"
  name = "github.com/golang/snappy"
  packages = ["."]
  pruneopts = "UT"
  revision = "2e65f85255dbc3072edf28d6b5b8efc472979f5a"

[[projects]]
  digest = "1:51bee9f1987dcdb9f9a1b4c20745d78f6bf6f5f14ad4e64ca883eb64df4c0045"
  name = "github.com/google/go-github"
  packages = ["github"]
  pruneopts = "UT"
  revision = "e48060a28fac52d0f1cb758bc8b87c07bac4a87d"
  version = "v15.0.0"

[[projects]]
  branch = "master"
  digest = "1:a63cff6b5d8b95638bfe300385d93b2a6d9d687734b863da8e09dc834510a690"
  name = "github.com/google/go-querystring"
  packages = ["query"]
  pruneopts = "UT"
  revision = "53e6ce116135b80d037921a7fdd5138cf32d7a8a"

[[projects]]
  digest = "1:870d441fe217b8e689d7949fef6e43efbc787e50f200cb1e70dbca9204a1d6be"
  name = "github.com/inconshreveable/mousetrap"
  packages = ["."]
  pruneopts = "UT"
  revision = "76626ae9c91c4f2a10f34cad8ce83ea42c93bb75"
  version = "v1.0"

[[projects]]
  digest = "1:e2d1d410fb367567c2b53ed9e2d719d3c1f0891397bb2fa49afd747cfbf1e8e4"
  name = "github.com/mattn/go-runewidth"
  packages = ["."]
  pruneopts = "UT"
  revision = "9e777a8366cce605130a531d2cd6363d07ad7317"
  version = "v0.0.2"

[[projects]]
  digest = "1:d6f988e7296cebe16d9c405b73bee34da871b382f7438c811279614a725239ae"
  name = "github.com/mholt/archiver"
  packages = ["."]
  pruneopts = "UT"
  revision = "de0d89e255e17c8d75a40122055763e743ab0593"
  version = "v2.1.0"

[[projects]]
  branch = "develop"
  digest = "1:021adb5945a1ffc3203d58816805eee56385f97eba3b4f4740c9dacdc13b055d"
  name = "github.com/nmiyake/pkg"
  packages = [
    "dirs",
    "errorstringer",
  ]
  pruneopts = "UT"
  revision = "b64318170fdef93b4462420e0badef8050dbb7ec"

[[projects]]
  branch = "master"
  digest = "1:3bdb4203c03569a564d6a4bd54d84315575cebb2d76471f8676f8ee8c402005e"
  name = "github.com/nwaples/rardecode"
  packages = ["."]
  pruneopts = "UT"
  revision = "e06696f847aeda6f39a8f0b7cdff193b7690aef6"

[[projects]]
  branch = "master"
  digest = "1:7eafb4f49fb7ca1b1cb15311a1421385e79345b5aaa505d0ab11bfd2949ec4d1"
  name = "github.com/palantir/checks"
  packages = ["ptimports/ptimports"]
  pruneopts = "UT"
  revision = "ebd802b4f1c2b52d221ca35f624d3312b765422c"

[[projects]]
  digest = "1:db38723d911a1d7531d6bf04966232ac1024261898ce3b1fe9d06ec70b3a7f55"
  name = "github.com/palantir/conjure-go"
  packages = [
    "conjure",
    "conjure-api/conjure/spec",
    "conjure/transforms",
    "conjure/types",
    "conjure/visitors",
    "conjure/werrorexpressions",
  ]
  pruneopts = "UT"
  revision = "2e0ce1b176a87ff428b30a3b3e90c91b3e1a0662"
  version = "v3.1.1"

[[projects]]
  digest = "1:62e516988833f683d36991a3747965e49fb8dafb397915257faff88f99b68725"
  name = "github.com/palantir/distgo"
  packages = [
    "assetapi",
    "distgo",
    "pkg/git",
    "projectversioner/git",
    "publisher",
    "publisher/artifactory",
    "publisher/artifactory/config",
    "publisher/artifactory/config/internal/v0",
    "publisher/maven",
  ]
  pruneopts = "UT"
  revision = "4030ffd17e8f8ac70aaddda9edf1c882fe5311a7"
  version = "v1.14.0"

[[projects]]
  branch = "master"
  digest = "1:d128b4221763e0b8a20ebbbf961a566670108d5213877894b4efab400eeac5a3"
  name = "github.com/palantir/goastwriter"
  packages = [
    ".",
    "astgen",
    "comment",
    "decl",
    "expression",
    "spec",
    "statement",
  ]
  pruneopts = "UT"
  revision = "34415a3880d501916c27bbd19686f35773ba487b"

[[projects]]
  digest = "1:de61c4bbf4944fbb1317373f01c018711910a5f045266f759a4b56044295f32d"
  name = "github.com/palantir/godel"
  packages = [
    "framework/artifactresolver",
    "framework/builtintasks",
    "framework/builtintasks/checkpath",
    "framework/builtintasks/githooks",
    "framework/builtintasks/githubwiki",
    "framework/builtintasks/idea",
    "framework/builtintasks/installupdate",
    "framework/builtintasks/installupdate/layout",
    "framework/builtintasks/packages",
    "framework/godel",
    "framework/godel/config",
    "framework/godel/config/internal/v0",
    "framework/godellauncher",
    "framework/godellauncher/defaulttasks",
    "framework/internal/pathsinternal",
    "framework/internal/pluginsinternal",
    "framework/pluginapi",
    "framework/pluginapi/v2/pluginapi",
    "framework/pluginapitester",
    "framework/plugins",
    "framework/verifyorder",
    "godelgetter",
    "pkg/dirchecksum",
    "pkg/osarch",
    "pkg/products/v2/products",
    "pkg/versionedconfig",
  ]
  pruneopts = "UT"
  revision = "dfd68b0f0a0e0946acb41133903374ae8e12bce6"
  version = "v2.12.0"

[[projects]]
  digest = "1:0c421b56ea438f6f7490a92d446fca4e2676f40bee146f9210ac51067e11055b"
  name = "github.com/palantir/pkg"
  packages = [
    "cobracli",
    "matcher",
    "pkgpath",
    "safehttp",
    "safejson",
    "safeyaml",
    "specdir",
    "transform",
  ]
  pruneopts = "UT"
  revision = "7fd8d6e85a713f1ec5376c81b97c7ed1033c9816"
  version = "0.10.0"

[[projects]]
  digest = "1:89b7c2365c6b481a9e1c83a203c817d117376f48330811a977d84ec198281c8b"
  name = "github.com/palantir/witchcraft-go-error"
  packages = [
    ".",
    "internal/errors",
  ]
  pruneopts = "UT"
  revision = "adb1d93c5741a300abbcce7883ad61f825a4f1a7"
  version = "1.0.0"

[[projects]]
  digest = "1:412711cba1f6195c9c8cc32ca04da9dfed10c07f2a21b1f5229e07c3f0a9fef0"
  name = "github.com/palantir/witchcraft-go-params"
  packages = ["."]
  pruneopts = "UT"
  revision = "d5c8ded2ab5588d1a81f306247162cb54d2504d7"
  version = "1.0.0"

[[projects]]
  digest = "1:29803f52611cbcc1dfe55b456e9fdac362af7248b3d29d7ea1bec0a12e71dff4"
  name = "github.com/pierrec/lz4"
  packages = [
    ".",
    "internal/xxh32",
  ]
  pruneopts = "UT"
  revision = "1958fd8fff7f115e79725b1288e0b878b3e06b00"
  version = "v2.0.3"

[[projects]]
  digest = "1:40e195917a951a8bf867cd05de2a46aaf1806c50cf92eebf4c16f78cd196f747"
  name = "github.com/pkg/errors"
  packages = ["."]
  pruneopts = "UT"
  revision = "645ef00459ed84a119197bfb8d8205042c6df63d"
  version = "v0.8.0"

[[projects]]
  digest = "1:0028cb19b2e4c3112225cd871870f2d9cf49b9b4276531f03438a88e94be86fe"
  name = "github.com/pmezard/go-difflib"
  packages = ["difflib"]
  pruneopts = "UT"
  revision = "792786c7400a136282c1664665ae0a8db921c6c2"
  version = "v1.0.0"

[[projects]]
  digest = "1:982714fa3eaafd4251f5ccf3d133b706ad742b86c195d594e1a86050a02f87a8"
  name = "github.com/spf13/cobra"
  packages = ["."]
  pruneopts = "UT"
  revision = "a1f051bc3eba734da4772d60e2d677f47cf93ef4"
  version = "v0.0.2"

[[projects]]
  digest = "1:1b21a2b4058a779f290c7341cd93267492e0ecea6c8b54f64a4a5fd7ff131034"
  name = "github.com/spf13/pflag"
  packages = ["."]
  pruneopts = "UT"
  revision = "e57e3eeb33f795204c1ca35f56c44f83227c6e66"
  version = "v1.0.0"

[[projects]]
  digest = "1:7e8d267900c7fa7f35129a2a37596e38ed0f11ca746d6d9ba727980ee138f9f6"
  name = "github.com/stretchr/testify"
  packages = [
    "assert",
    "require",
  ]
  pruneopts = "UT"
  revision = "12b6f73e6084dad08a7c6e575284b177ecafbc71"
  version = "v1.2.1"

[[projects]]
  branch = "master"
  digest = "1:a727e6e99a07e8f42e25f3139e471987bb936663044e4a5ac1808467fb0c5f98"
  name = "github.com/termie/go-shutil"
  packages = ["."]
  pruneopts = "UT"
  revision = "bcacb06fecaeec8dc42af03c87c6949f4a05c74c"

[[projects]]
  digest = "1:4aeb3860275fa1fd60cccfb5a6ef85da438bf17402e1e84412ade4d4b55066a0"
  name = "github.com/ulikunitz/xz"
  packages = [
    ".",
    "internal/hash",
    "internal/xlog",
    "lzma",
  ]
  pruneopts = "UT"
  revision = "0c6b41e72360850ca4f98dc341fd999726ea007f"
  version = "v0.5.4"

[[projects]]
  branch = "master"
  digest = "1:b9b1eba9a556c66f5e656cd90009f27bc51130bf01a1d8f44c0d287926a73743"
  name = "golang.org/x/sys"
  packages = ["unix"]
  pruneopts = "UT"
  revision = "1d206c9fa8975fb4cf00df1dc8bf3283dc24ba0e"

[[projects]]
  digest = "1:a3268f22263113b0f451328c981396998ad70d02115c6893dbf15a2a133cf2b9"
  name = "golang.org/x/text"
  packages = ["transform"]
  pruneopts = "UT"
  revision = "f21a4dfb5e38f5895301dc265a8def02365cc3d0"
  version = "v0.3.0"

[[projects]]
  branch = "master"
  digest = "1:366b01ba5b7796687e15d90bd2a98e0f298ad32add9b880694bf1ca8ff7d598f"
  name = "golang.org/x/tools"
  packages = [
    "go/ast/astutil",
    "go/gcexportdata",
    "go/internal/cgo",
    "go/internal/gcimporter",
    "go/internal/packagesdriver",
    "go/packages",
    "go/types/typeutil",
    "imports",
    "internal/fastwalk",
    "internal/gopathwalk",
    "internal/module",
    "internal/semver",
  ]
  pruneopts = "UT"
  revision = "9279ec27fd88b9e004f857564a7b4123cc584f63"

[[projects]]
  digest = "1:c4b907986044810b1542df64faf968e8b1c235113f26b06f16a1c86e0d6a48f8"
  name = "gopkg.in/cheggaaa/pb.v1"
  packages = ["."]
  pruneopts = "UT"
  revision = "72b964305fba1230d3d818711138195f22b9ceea"
  version = "v1.0.22"

[[projects]]
  digest = "1:342378ac4dcb378a5448dd723f0784ae519383532f5e70ade24132c4c8693202"
  name = "gopkg.in/yaml.v2"
  packages = ["."]
  pruneopts = "UT"
  revision = "5420a8b6744d3b0345ab293f6fcba19c978f1183"
  version = "v2.2.1"

[solve-meta]
  analyzer-name = "dep"
  analyzer-version = 1
  input-imports = [
    "github.com/go-bindata/go-bindata",
    "github.com/mholt/archiver",
    "github.com/nmiyake/pkg/dirs",
    "github.com/palantir/conjure-go/conjure",
    "github.com/palantir/conjure-go/conjure-api/conjure/spec",
    "github.com/palantir/distgo/distgo",
    "github.com/palantir/distgo/projectversioner/git",
    "github.com/palantir/distgo/publisher",
    "github.com/palantir/distgo/publisher/artifactory",
    "github.com/palantir/distgo/publisher/maven",
    "github.com/palantir/godel/framework/pluginapi",
    "github.com/palantir/godel/framework/pluginapi/v2/pluginapi",
    "github.com/palantir/godel/framework/pluginapitester",
    "github.com/palantir/godel/framework/verifyorder",
    "github.com/palantir/godel/pkg/dirchecksum",
    "github.com/palantir/godel/pkg/products/v2/products",
    "github.com/palantir/godel/pkg/versionedconfig",
    "github.com/palantir/pkg/cobracli",
    "github.com/palantir/pkg/safehttp",
    "github.com/pkg/errors",
    "github.com/spf13/cobra",
    "github.com/stretchr/testify/assert",
    "github.com/stretchr/testify/require",
    "gopkg.in/yaml.v2",
  ]
  solver-name = "gps-cdcl"
  solver-version = 1
